<?xml version="1.0" encoding="utf-8"?>
<Project ToolsVersion="4.0" xmlns="http://schemas.microsoft.com/developer/msbuild/2003">
  <ItemGroup>
    <Filter Include="Исходные файлы">
      <UniqueIdentifier>{4FC737F1-C7A5-4376-A066-2A32D752A2FF}</UniqueIdentifier>
      <Extensions>cpp;c;cc;cxx;c++;cppm;ixx;def;odl;idl;hpj;bat;asm;asmx</Extensions>
    </Filter>
    <Filter Include="Файлы заголовков">
      <UniqueIdentifier>{93995380-89BD-4b04-88EB-625FBE52EBFB}</UniqueIdentifier>
      <Extensions>h;hh;hpp;hxx;h++;hm;inl;inc;ipp;xsd</Extensions>
    </Filter>
    <Filter Include="Файлы ресурсов">
      <UniqueIdentifier>{67DA6AB6-F800-4c08-8B7A-83BB121AAD01}</UniqueIdentifier>
      <Extensions>rc;ico;cur;bmp;dlg;rc2;rct;bin;rgs;gif;jpg;jpeg;jpe;resx;tiff;tif;png;wav;mfcribbon-ms</Extensions>
    </Filter>
    <Filter Include="Файлы заголовков\core">
      <UniqueIdentifier>{bd5ee21d-709b-4ca2-9717-c764dbf9a2e7}</UniqueIdentifier>
    </Filter>
    <Filter Include="Файлы заголовков\strings">
      <UniqueIdentifier>{9c15eea8-f74b-47e0-9888-e70af5b79dc9}</UniqueIdentifier>
    </Filter>
    <Filter Include="Файлы заголовков\math">
      <UniqueIdentifier>{8d17bbee-d81f-4e75-b6f9-295b3e2f3714}</UniqueIdentifier>
    </Filter>
    <Filter Include="Файлы заголовков\io">
      <UniqueIdentifier>{fe68a805-4388-4205-8cdd-a8f1e0333af3}</UniqueIdentifier>
    </Filter>
    <Filter Include="Исходные файлы\io">
      <UniqueIdentifier>{3e3d68df-2a1c-4737-a94c-0235b48d1019}</UniqueIdentifier>
    </Filter>
    <Filter Include="Исходные файлы\math">
      <UniqueIdentifier>{c987e561-2adb-4223-868a-4816ddfd820e}</UniqueIdentifier>
    </Filter>
    <Filter Include="Исходные файлы\strings">
      <UniqueIdentifier>{63555884-b886-445a-ac5a-a7d5cf6b5727}</UniqueIdentifier>
    </Filter>
    <Filter Include="Исходные файлы\collections">
      <UniqueIdentifier>{9925989b-0444-4096-b83d-2be593d089c0}</UniqueIdentifier>
    </Filter>
    <Filter Include="Исходные файлы\system">
      <UniqueIdentifier>{408ed113-0691-4adc-9727-c39772de9f45}</UniqueIdentifier>
    </Filter>
    <Filter Include="Файлы заголовков\collections">
      <UniqueIdentifier>{e6c76836-44a4-49f3-a2b0-1ffeb733110a}</UniqueIdentifier>
    </Filter>
    <Filter Include="Файлы заголовков\system">
      <UniqueIdentifier>{aef1af48-2a19-4c50-88a2-28dc8cab2a0e}</UniqueIdentifier>
    </Filter>
    <Filter Include="Исходные файлы\api">
      <UniqueIdentifier>{f9b03f77-58f6-4816-ad51-7f8368fa9538}</UniqueIdentifier>
    </Filter>
    <Filter Include="Файлы заголовков\api">
      <UniqueIdentifier>{0b506127-596d-48aa-b3a6-a484328506a8}</UniqueIdentifier>
    </Filter>
    <Filter Include="Исходные файлы\asm">
      <UniqueIdentifier>{32e10ab9-fada-401b-9616-e180914bcf1e}</UniqueIdentifier>
    </Filter>
  </ItemGroup>
  <ItemGroup>
    <ClInclude Include="include\susfwk\conio.h">
      <Filter>Файлы заголовков\io</Filter>
    </ClInclude>
    <ClInclude Include="include\susfwk\core.h">
      <Filter>Файлы заголовков\core</Filter>
    </ClInclude>
    <ClInclude Include="include\susfwk\crypto.h">
      <Filter>Файлы заголовков\strings</Filter>
    </ClInclude>
    <ClInclude Include="include\susfwk\deftypes.h">
      <Filter>Файлы заголовков\core</Filter>
    </ClInclude>
    <ClInclude Include="include\susfwk\fileio.h">
      <Filter>Файлы заголовков\io</Filter>
    </ClInclude>
    <ClInclude Include="include\susfwk\format.h">
      <Filter>Файлы заголовков\strings</Filter>
    </ClInclude>
    <ClInclude Include="include\susfwk\iostream.h">
      <Filter>Файлы заголовков\io</Filter>
    </ClInclude>
    <ClInclude Include="include\susfwk\math.h">
      <Filter>Файлы заголовков\math</Filter>
    </ClInclude>
    <ClInclude Include="include\susfwk\mathdef.h">
      <Filter>Файлы заголовков\math</Filter>
    </ClInclude>
    <ClInclude Include="include\susfwk\string.h">
      <Filter>Файлы заголовков\strings</Filter>
    </ClInclude>
    <ClInclude Include="include\susfwk.h">
      <Filter>Файлы заголовков\core</Filter>
    </ClInclude>
    <ClInclude Include="coreframe.h">
      <Filter>Файлы заголовков\core</Filter>
    </ClInclude>
    <ClInclude Include="include\susfwk\vector.h">
      <Filter>Файлы заголовков\collections</Filter>
    </ClInclude>
    <ClInclude Include="include\susfwk\network.h">
      <Filter>Файлы заголовков\system</Filter>
    </ClInclude>
    <ClInclude Include="include\susfwk\regapi.h">
      <Filter>Файлы заголовков\system</Filter>
    </ClInclude>
    <ClInclude Include="include\susfwk\resapi.h">
      <Filter>Файлы заголовков\system</Filter>
    </ClInclude>
    <ClInclude Include="include\susfwk\thrprocessapi.h">
      <Filter>Файлы заголовков\system</Filter>
    </ClInclude>
    <ClInclude Include="include\susfwk\windowapi.h">
      <Filter>Файлы заголовков\system</Filter>
    </ClInclude>
    <ClInclude Include="include\susfwk\linkedlist.h">
      <Filter>Файлы заголовков\collections</Filter>
    </ClInclude>
    <ClInclude Include="include\susfwk\hashtable.h">
      <Filter>Файлы заголовков\collections</Filter>
    </ClInclude>
    <ClInclude Include="include\susfwk\memory.h">
      <Filter>Файлы заголовков\system</Filter>
    </ClInclude>
    <ClInclude Include="include\susfwk\bitset.h">
      <Filter>Файлы заголовков\collections</Filter>
    </ClInclude>
    <ClInclude Include="include\susfwk\ecs.h">
      <Filter>Файлы заголовков\api</Filter>
    </ClInclude>
    <ClInclude Include="include\susfwk\debug.h">
      <Filter>Файлы заголовков\api</Filter>
    </ClInclude>
    <ClInclude Include="include\susfwk\thread.h">
      <Filter>Файлы заголовков\api</Filter>
    </ClInclude>
    <ClInclude Include="include\susfwk\httprequest.h">
      <Filter>Файлы заголовков\api</Filter>
    </ClInclude>
  </ItemGroup>
  <ItemGroup>
    <ClCompile Include="conio.c">
      <Filter>Исходные файлы\io</Filter>
    </ClCompile>
    <ClCompile Include="crypto.c">
      <Filter>Исходные файлы\strings</Filter>
    </ClCompile>
    <ClCompile Include="fileio.c">
      <Filter>Исходные файлы\io</Filter>
    </ClCompile>
    <ClCompile Include="format.c">
      <Filter>Исходные файлы\strings</Filter>
    </ClCompile>
    <ClCompile Include="iostream.c">
      <Filter>Исходные файлы\io</Filter>
    </ClCompile>
    <ClCompile Include="math.c">
      <Filter>Исходные файлы\math</Filter>
    </ClCompile>
    <ClCompile Include="string.c">
      <Filter>Исходные файлы\strings</Filter>
    </ClCompile>
    <ClCompile Include="vector.c">
      <Filter>Исходные файлы\collections</Filter>
    </ClCompile>
    <ClCompile Include="network.c">
      <Filter>Исходные файлы\system</Filter>
    </ClCompile>
    <ClCompile Include="regapi.c">
      <Filter>Исходные файлы\system</Filter>
    </ClCompile>
    <ClCompile Include="resapi.c">
      <Filter>Исходные файлы\system</Filter>
    </ClCompile>
    <ClCompile Include="thrprocessapi.c">
      <Filter>Исходные файлы\system</Filter>
    </ClCompile>
    <ClCompile Include="windowapi.c">
      <Filter>Исходные файлы\system</Filter>
    </ClCompile>
    <ClCompile Include="linkedlist.c">
      <Filter>Исходные файлы\collections</Filter>
    </ClCompile>
    <ClCompile Include="hashtable.c">
      <Filter>Исходные файлы\collections</Filter>
    </ClCompile>
    <ClCompile Include="memory.c">
      <Filter>Исходные файлы\system</Filter>
    </ClCompile>
    <ClCompile Include="ecs.c">
      <Filter>Исходные файлы\api</Filter>
    </ClCompile>
    <ClCompile Include="thread.c">
      <Filter>Исходные файлы\api</Filter>
    </ClCompile>
    <ClCompile Include="httprequest.c">
      <Filter>Исходные файлы\api</Filter>
    </ClCompile>
  </ItemGroup>
  <ItemGroup>
    <Text Include="LICENSE.txt">
      <Filter>Файлы ресурсов</Filter>
    </Text>
  </ItemGroup>
  <ItemGroup>
    <None Include="README.md">
      <Filter>Файлы ресурсов</Filter>
    </None>
  </ItemGroup>
</Project>